
Microsoft Visual Studio Solution File, Format Version 12.00
# Visual Studio Version 16
VisualStudioVersion = 16.0.29613.14
MinimumVisualStudioVersion = 10.0.40219.1
Project("{FAE04EC0-301F-11D3-BF4B-00C04F79EFBC}") = "ConsoleApp19", "ConsoleApp19\ConsoleApp19.csproj", "{B63EE734-C45A-45DF-8D0B-A3DFE34EFDD9}"
EndProject
Global
	GlobalSection(SolutionConfigurationPlatforms) = preSolution
		Debug|Any CPU = Debug|Any CPU
		Release|Any CPU = Release|Any CPU
	EndGlobalSection
	GlobalSection(ProjectConfigurationPlatforms) = postSolution
		{B63EE734-C45A-45DF-8D0B-A3DFE34EFDD9}.Debug|Any CPU.ActiveCfg = Debug|Any CPU
		{B63EE734-C45A-45DF-8D0B-A3DFE34EFDD9}.Debug|Any CPU.Build.0 = Debug|Any CPU
		{B63EE734-C45A-45DF-8D0B-A3DFE34EFDD9}.Release|Any CPU.ActiveCfg = Release|Any CPU
		{B63EE734-C45A-45DF-8D0B-A3DFE34EFDD9}.Release|Any CPU.Build.0 = Release|Any CPU
	EndGlobalSection
	GlobalSection(SolutionProperties) = preSolution
		HideSolutionNode = FALSE
	EndGlobalSection
	GlobalSection(ExtensibilityGlobals) = postSolution
		SolutionGuid = {F88E6E6E-2D6E-4924-AD38-FB2D45E4EAE4}
	EndGlobalSection
EndGlobal
